
Microsoft Visual Studio Solution File, Format Version 12.00
# Visual Studio Version 17
VisualStudioVersion = 17.13.35605.110
MinimumVisualStudioVersion = 10.0.40219.1
Project("{FAE04EC0-301F-11D3-BF4B-00C04F79EFBC}") = "TiaParser.Driver", "src\TiaParser.Driver\TiaParser.Driver.csproj", "{72C8320A-5A62-6457-378E-C6DBE3E1A499}"
EndProject
Project("{FAE04EC0-301F-11D3-BF4B-00C04F79EFBC}") = "TiaParser.Program", "src\TiaParser.Program\TiaParser.Program.csproj", "{351E2061-54EA-4EFE-A87C-2E914FA6E192}"
	ProjectSection(ProjectDependencies) = postProject
		{72C8320A-5A62-6457-378E-C6DBE3E1A499} = {72C8320A-5A62-6457-378E-C6DBE3E1A499}
	EndProjectSection
EndProject
Global
	GlobalSection(SolutionConfigurationPlatforms) = preSolution
		Debug|Any CPU = Debug|Any CPU
		Release|Any CPU = Release|Any CPU
	EndGlobalSection
	GlobalSection(ProjectConfigurationPlatforms) = postSolution
		{72C8320A-5A62-6457-378E-C6DBE3E1A499}.Debug|Any CPU.ActiveCfg = Debug|Any CPU
		{72C8320A-5A62-6457-378E-C6DBE3E1A499}.Debug|Any CPU.Build.0 = Debug|Any CPU
		{72C8320A-5A62-6457-378E-C6DBE3E1A499}.Release|Any CPU.ActiveCfg = Release|Any CPU
		{72C8320A-5A62-6457-378E-C6DBE3E1A499}.Release|Any CPU.Build.0 = Release|Any CPU
		{351E2061-54EA-4EFE-A87C-2E914FA6E192}.Debug|Any CPU.ActiveCfg = Debug|Any CPU
		{351E2061-54EA-4EFE-A87C-2E914FA6E192}.Debug|Any CPU.Build.0 = Debug|Any CPU
		{351E2061-54EA-4EFE-A87C-2E914FA6E192}.Release|Any CPU.ActiveCfg = Release|Any CPU
		{351E2061-54EA-4EFE-A87C-2E914FA6E192}.Release|Any CPU.Build.0 = Release|Any CPU
	EndGlobalSection
	GlobalSection(SolutionProperties) = preSolution
		HideSolutionNode = FALSE
	EndGlobalSection
	GlobalSection(ExtensibilityGlobals) = postSolution
		SolutionGuid = {19F4F554-27A0-4146-8BBF-4B967C911062}
	EndGlobalSection
EndGlobal
